
Microsoft Visual Studio Solution File, Format Version 12.00
# Visual Studio 2012
Project("{FAE04EC0-301F-11D3-BF4B-00C04F79EFBC}") = "Coders", "Coders.csproj", "{F6D748F5-FF99-4067-B63A-DBD3B294742A}"
EndProject
Project("{FAE04EC0-301F-11D3-BF4B-00C04F79EFBC}") = "CodersTests", "..\CodersTests\CodersTests.csproj", "{BBD45E87-6C0F-4F9E-A6C6-F1CD4318712A}"
EndProject
Global
	GlobalSection(SolutionConfigurationPlatforms) = preSolution
		Debug|Any CPU = Debug|Any CPU
		Release|Any CPU = Release|Any CPU
	EndGlobalSection
	GlobalSection(ProjectConfigurationPlatforms) = postSolution
		{F6D748F5-FF99-4067-B63A-DBD3B294742A}.Debug|Any CPU.ActiveCfg = Debug|Any CPU
		{F6D748F5-FF99-4067-B63A-DBD3B294742A}.Debug|Any CPU.Build.0 = Debug|Any CPU
		{F6D748F5-FF99-4067-B63A-DBD3B294742A}.Release|Any CPU.ActiveCfg = Release|Any CPU
		{F6D748F5-FF99-4067-B63A-DBD3B294742A}.Release|Any CPU.Build.0 = Release|Any CPU
		{BBD45E87-6C0F-4F9E-A6C6-F1CD4318712A}.Debug|Any CPU.ActiveCfg = Debug|Any CPU
		{BBD45E87-6C0F-4F9E-A6C6-F1CD4318712A}.Debug|Any CPU.Build.0 = Debug|Any CPU
		{BBD45E87-6C0F-4F9E-A6C6-F1CD4318712A}.Release|Any CPU.ActiveCfg = Release|Any CPU
		{BBD45E87-6C0F-4F9E-A6C6-F1CD4318712A}.Release|Any CPU.Build.0 = Release|Any CPU
	EndGlobalSection
	GlobalSection(SolutionProperties) = preSolution
		HideSolutionNode = FALSE
	EndGlobalSection
EndGlobal
